// !$*UTF8*$!
{
	archiveVersion = 1;
	classes = {
	};
	objectVersion = 55;
	objects = {

/* Begin PBXBuildFile section */
		350A33442800450000201E40 /* AppDelegate.swift in Sources */ = {isa = PBXBuildFile; fileRef = 350A33432800450000201E40 /* AppDelegate.swift */; };
		350A33462800450000201E40 /* SceneDelegate.swift in Sources */ = {isa = PBXBuildFile; fileRef = 350A33452800450000201E40 /* SceneDelegate.swift */; };
		350A33482800450000201E40 /* AddGroupsViewController.swift in Sources */ = {isa = PBXBuildFile; fileRef = 350A33472800450000201E40 /* AddGroupsViewController.swift */; };
		350A334B2800450000201E40 /* Main.storyboard in Resources */ = {isa = PBXBuildFile; fileRef = 350A33492800450000201E40 /* Main.storyboard */; };
		350A334D2800450100201E40 /* Assets.xcassets in Resources */ = {isa = PBXBuildFile; fileRef = 350A334C2800450100201E40 /* Assets.xcassets */; };
		350A33502800450100201E40 /* LaunchScreen.storyboard in Resources */ = {isa = PBXBuildFile; fileRef = 350A334E2800450100201E40 /* LaunchScreen.storyboard */; };
		350A335C2803DD0100201E40 /* TabBarViewController.swift in Sources */ = {isa = PBXBuildFile; fileRef = 350A335B2803DD0100201E40 /* TabBarViewController.swift */; };
		350A335E2803DF2500201E40 /* Groups.storyboard in Resources */ = {isa = PBXBuildFile; fileRef = 350A335D2803DF2500201E40 /* Groups.storyboard */; };
		350A33602803DF3C00201E40 /* AddGroups.storyboard in Resources */ = {isa = PBXBuildFile; fileRef = 350A335F2803DF3C00201E40 /* AddGroups.storyboard */; };
		350A33622803DF4300201E40 /* Profile.storyboard in Resources */ = {isa = PBXBuildFile; fileRef = 350A33612803DF4300201E40 /* Profile.storyboard */; };
		350A33642803EF5000201E40 /* Storyboard+Extension.swift in Sources */ = {isa = PBXBuildFile; fileRef = 350A33632803EF5000201E40 /* Storyboard+Extension.swift */; };
		FDC92872A92782C067FD7CAA /* Pods_Bill_Splitting.framework in Frameworks */ = {isa = PBXBuildFile; fileRef = F86F6C5233B86EE54AEAD309 /* Pods_Bill_Splitting.framework */; };
/* End PBXBuildFile section */

/* Begin PBXFileReference section */
		0619BB2CF09025753646E789 /* Pods-Bill-Splitting.debug.xcconfig */ = {isa = PBXFileReference; includeInIndex = 1; lastKnownFileType = text.xcconfig; name = "Pods-Bill-Splitting.debug.xcconfig"; path = "Target Support Files/Pods-Bill-Splitting/Pods-Bill-Splitting.debug.xcconfig"; sourceTree = "<group>"; };
		350A33402800450000201E40 /* Bill-Splitting.app */ = {isa = PBXFileReference; explicitFileType = wrapper.application; includeInIndex = 0; path = "Bill-Splitting.app"; sourceTree = BUILT_PRODUCTS_DIR; };
		350A33432800450000201E40 /* AppDelegate.swift */ = {isa = PBXFileReference; lastKnownFileType = sourcecode.swift; path = AppDelegate.swift; sourceTree = "<group>"; };
		350A33452800450000201E40 /* SceneDelegate.swift */ = {isa = PBXFileReference; lastKnownFileType = sourcecode.swift; path = SceneDelegate.swift; sourceTree = "<group>"; };
		350A33472800450000201E40 /* AddGroupsViewController.swift */ = {isa = PBXFileReference; lastKnownFileType = sourcecode.swift; path = AddGroupsViewController.swift; sourceTree = "<group>"; };
		350A334A2800450000201E40 /* Base */ = {isa = PBXFileReference; lastKnownFileType = file.storyboard; name = Base; path = Base.lproj/Main.storyboard; sourceTree = "<group>"; };
		350A334C2800450100201E40 /* Assets.xcassets */ = {isa = PBXFileReference; lastKnownFileType = folder.assetcatalog; path = Assets.xcassets; sourceTree = "<group>"; };
		350A334F2800450100201E40 /* Base */ = {isa = PBXFileReference; lastKnownFileType = file.storyboard; name = Base; path = Base.lproj/LaunchScreen.storyboard; sourceTree = "<group>"; };
		350A33512800450100201E40 /* Info.plist */ = {isa = PBXFileReference; lastKnownFileType = text.plist.xml; path = Info.plist; sourceTree = "<group>"; };
		350A335B2803DD0100201E40 /* TabBarViewController.swift */ = {isa = PBXFileReference; lastKnownFileType = sourcecode.swift; path = TabBarViewController.swift; sourceTree = "<group>"; };
		350A335D2803DF2500201E40 /* Groups.storyboard */ = {isa = PBXFileReference; lastKnownFileType = file.storyboard; path = Groups.storyboard; sourceTree = "<group>"; };
		350A335F2803DF3C00201E40 /* AddGroups.storyboard */ = {isa = PBXFileReference; lastKnownFileType = file.storyboard; path = AddGroups.storyboard; sourceTree = "<group>"; };
		350A33612803DF4300201E40 /* Profile.storyboard */ = {isa = PBXFileReference; lastKnownFileType = file.storyboard; path = Profile.storyboard; sourceTree = "<group>"; };
		350A33632803EF5000201E40 /* Storyboard+Extension.swift */ = {isa = PBXFileReference; lastKnownFileType = sourcecode.swift; path = "Storyboard+Extension.swift"; sourceTree = "<group>"; };
		55154E560DABCC620B02955B /* Pods-Bill-Splitting.release.xcconfig */ = {isa = PBXFileReference; includeInIndex = 1; lastKnownFileType = text.xcconfig; name = "Pods-Bill-Splitting.release.xcconfig"; path = "Target Support Files/Pods-Bill-Splitting/Pods-Bill-Splitting.release.xcconfig"; sourceTree = "<group>"; };
		F86F6C5233B86EE54AEAD309 /* Pods_Bill_Splitting.framework */ = {isa = PBXFileReference; explicitFileType = wrapper.framework; includeInIndex = 0; path = Pods_Bill_Splitting.framework; sourceTree = BUILT_PRODUCTS_DIR; };
/* End PBXFileReference section */

/* Begin PBXFrameworksBuildPhase section */
		350A333D2800450000201E40 /* Frameworks */ = {
			isa = PBXFrameworksBuildPhase;
			buildActionMask = 2147483647;
			files = (
				FDC92872A92782C067FD7CAA /* Pods_Bill_Splitting.framework in Frameworks */,
			);
			runOnlyForDeploymentPostprocessing = 0;
		};
/* End PBXFrameworksBuildPhase section */

/* Begin PBXGroup section */
		0FF1AB64931DEEA61F5ACA60 /* Frameworks */ = {
			isa = PBXGroup;
			children = (
				F86F6C5233B86EE54AEAD309 /* Pods_Bill_Splitting.framework */,
			);
			name = Frameworks;
			sourceTree = "<group>";
		};
		247F1CC3EB2FEA18213B19E1 /* Pods */ = {
			isa = PBXGroup;
			children = (
				0619BB2CF09025753646E789 /* Pods-Bill-Splitting.debug.xcconfig */,
				55154E560DABCC620B02955B /* Pods-Bill-Splitting.release.xcconfig */,
			);
			path = Pods;
			sourceTree = "<group>";
		};
		350A33372800450000201E40 = {
			isa = PBXGroup;
			children = (
				350A33422800450000201E40 /* Bill-Splitting */,
				350A33412800450000201E40 /* Products */,
				247F1CC3EB2FEA18213B19E1 /* Pods */,
				0FF1AB64931DEEA61F5ACA60 /* Frameworks */,
			);
			sourceTree = "<group>";
		};
		350A33412800450000201E40 /* Products */ = {
			isa = PBXGroup;
			children = (
				350A33402800450000201E40 /* Bill-Splitting.app */,
			);
			name = Products;
			sourceTree = "<group>";
		};
		350A33422800450000201E40 /* Bill-Splitting */ = {
			isa = PBXGroup;
			children = (
				350A33432800450000201E40 /* AppDelegate.swift */,
				350A33452800450000201E40 /* SceneDelegate.swift */,
				350A33662803F45100201E40 /* Extension */,
				350A33652803F42C00201E40 /* Controller */,
				350A33492800450000201E40 /* Main.storyboard */,
				350A335D2803DF2500201E40 /* Groups.storyboard */,
				350A335F2803DF3C00201E40 /* AddGroups.storyboard */,
				350A33612803DF4300201E40 /* Profile.storyboard */,
				350A334C2800450100201E40 /* Assets.xcassets */,
				350A334E2800450100201E40 /* LaunchScreen.storyboard */,
				350A33512800450100201E40 /* Info.plist */,
			);
			path = "Bill-Splitting";
			sourceTree = "<group>";
		};
		350A33652803F42C00201E40 /* Controller */ = {
			isa = PBXGroup;
			children = (
				350A335B2803DD0100201E40 /* TabBarViewController.swift */,
				350A33472800450000201E40 /* AddGroupsViewController.swift */,
			);
			path = Controller;
			sourceTree = "<group>";
		};
		350A33662803F45100201E40 /* Extension */ = {
			isa = PBXGroup;
			children = (
				350A33632803EF5000201E40 /* Storyboard+Extension.swift */,
			);
			path = Extension;
			sourceTree = "<group>";
		};
/* End PBXGroup section */

/* Begin PBXNativeTarget section */
		350A333F2800450000201E40 /* Bill-Splitting */ = {
			isa = PBXNativeTarget;
			buildConfigurationList = 350A33542800450100201E40 /* Build configuration list for PBXNativeTarget "Bill-Splitting" */;
			buildPhases = (
				FC61F7906505F907B0C475D7 /* [CP] Check Pods Manifest.lock */,
				350A333C2800450000201E40 /* Sources */,
				350A333D2800450000201E40 /* Frameworks */,
				350A333E2800450000201E40 /* Resources */,
			);
			buildRules = (
			);
			dependencies = (
			);
			name = "Bill-Splitting";
			productName = "Bill-Splitting";
			productReference = 350A33402800450000201E40 /* Bill-Splitting.app */;
			productType = "com.apple.product-type.application";
		};
/* End PBXNativeTarget section */

/* Begin PBXProject section */
		350A33382800450000201E40 /* Project object */ = {
			isa = PBXProject;
			attributes = {
				BuildIndependentTargetsInParallel = 1;
				LastSwiftUpdateCheck = 1310;
				LastUpgradeCheck = 1310;
				TargetAttributes = {
					350A333F2800450000201E40 = {
						CreatedOnToolsVersion = 13.1;
					};
				};
			};
			buildConfigurationList = 350A333B2800450000201E40 /* Build configuration list for PBXProject "Bill-Splitting" */;
			compatibilityVersion = "Xcode 13.0";
			developmentRegion = en;
			hasScannedForEncodings = 0;
			knownRegions = (
				en,
				Base,
			);
			mainGroup = 350A33372800450000201E40;
			productRefGroup = 350A33412800450000201E40 /* Products */;
			projectDirPath = "";
			projectRoot = "";
			targets = (
				350A333F2800450000201E40 /* Bill-Splitting */,
			);
		};
/* End PBXProject section */

/* Begin PBXResourcesBuildPhase section */
		350A333E2800450000201E40 /* Resources */ = {
			isa = PBXResourcesBuildPhase;
			buildActionMask = 2147483647;
			files = (
				350A33622803DF4300201E40 /* Profile.storyboard in Resources */,
				350A33602803DF3C00201E40 /* AddGroups.storyboard in Resources */,
				350A335E2803DF2500201E40 /* Groups.storyboard in Resources */,
				350A33502800450100201E40 /* LaunchScreen.storyboard in Resources */,
				350A334D2800450100201E40 /* Assets.xcassets in Resources */,
				350A334B2800450000201E40 /* Main.storyboard in Resources */,
			);
			runOnlyForDeploymentPostprocessing = 0;
		};
/* End PBXResourcesBuildPhase section */

/* Begin PBXShellScriptBuildPhase section */
		FC61F7906505F907B0C475D7 /* [CP] Check Pods Manifest.lock */ = {
			isa = PBXShellScriptBuildPhase;
			buildActionMask = 2147483647;
			files = (
			);
			inputFileListPaths = (
			);
			inputPaths = (
				"${PODS_PODFILE_DIR_PATH}/Podfile.lock",
				"${PODS_ROOT}/Manifest.lock",
			);
			name = "[CP] Check Pods Manifest.lock";
			outputFileListPaths = (
			);
			outputPaths = (
				"$(DERIVED_FILE_DIR)/Pods-Bill-Splitting-checkManifestLockResult.txt",
			);
			runOnlyForDeploymentPostprocessing = 0;
			shellPath = /bin/sh;
			shellScript = "diff \"${PODS_PODFILE_DIR_PATH}/Podfile.lock\" \"${PODS_ROOT}/Manifest.lock\" > /dev/null\nif [ $? != 0 ] ; then\n    # print error to STDERR\n    echo \"error: The sandbox is not in sync with the Podfile.lock. Run 'pod install' or update your CocoaPods installation.\" >&2\n    exit 1\nfi\n# This output is used by Xcode 'outputs' to avoid re-running this script phase.\necho \"SUCCESS\" > \"${SCRIPT_OUTPUT_FILE_0}\"\n";
			showEnvVarsInLog = 0;
		};
/* End PBXShellScriptBuildPhase section */

/* Begin PBXSourcesBuildPhase section */
		350A333C2800450000201E40 /* Sources */ = {
			isa = PBXSourcesBuildPhase;
			buildActionMask = 2147483647;
			files = (
				350A335C2803DD0100201E40 /* TabBarViewController.swift in Sources */,
				350A33482800450000201E40 /* AddGroupsViewController.swift in Sources */,
				350A33442800450000201E40 /* AppDelegate.swift in Sources */,
				350A33642803EF5000201E40 /* Storyboard+Extension.swift in Sources */,
				350A33462800450000201E40 /* SceneDelegate.swift in Sources */,
			);
			runOnlyForDeploymentPostprocessing = 0;
		};
/* End PBXSourcesBuildPhase section */

/* Begin PBXVariantGroup section */
		350A33492800450000201E40 /* Main.storyboard */ = {
			isa = PBXVariantGroup;
			children = (
				350A334A2800450000201E40 /* Base */,
			);
			name = Main.storyboard;
			sourceTree = "<group>";
		};
		350A334E2800450100201E40 /* LaunchScreen.storyboard */ = {
			isa = PBXVariantGroup;
			children = (
				350A334F2800450100201E40 /* Base */,
			);
			name = LaunchScreen.storyboard;
			sourceTree = "<group>";
		};
/* End PBXVariantGroup section */

/* Begin XCBuildConfiguration section */
		350A33522800450100201E40 /* Debug */ = {
			isa = XCBuildConfiguration;
			buildSettings = {
				ALWAYS_SEARCH_USER_PATHS = NO;
				CLANG_ANALYZER_NONNULL = YES;
				CLANG_ANALYZER_NUMBER_OBJECT_CONVERSION = YES_AGGRESSIVE;
				CLANG_CXX_LANGUAGE_STANDARD = "gnu++17";
				CLANG_CXX_LIBRARY = "libc++";
				CLANG_ENABLE_MODULES = YES;
				CLANG_ENABLE_OBJC_ARC = YES;
				CLANG_ENABLE_OBJC_WEAK = YES;
				CLANG_WARN_BLOCK_CAPTURE_AUTORELEASING = YES;
				CLANG_WARN_BOOL_CONVERSION = YES;
				CLANG_WARN_COMMA = YES;
				CLANG_WARN_CONSTANT_CONVERSION = YES;
				CLANG_WARN_DEPRECATED_OBJC_IMPLEMENTATIONS = YES;
				CLANG_WARN_DIRECT_OBJC_ISA_USAGE = YES_ERROR;
				CLANG_WARN_DOCUMENTATION_COMMENTS = YES;
				CLANG_WARN_EMPTY_BODY = YES;
				CLANG_WARN_ENUM_CONVERSION = YES;
				CLANG_WARN_INFINITE_RECURSION = YES;
				CLANG_WARN_INT_CONVERSION = YES;
				CLANG_WARN_NON_LITERAL_NULL_CONVERSION = YES;
				CLANG_WARN_OBJC_IMPLICIT_RETAIN_SELF = YES;
				CLANG_WARN_OBJC_LITERAL_CONVERSION = YES;
				CLANG_WARN_OBJC_ROOT_CLASS = YES_ERROR;
				CLANG_WARN_QUOTED_INCLUDE_IN_FRAMEWORK_HEADER = YES;
				CLANG_WARN_RANGE_LOOP_ANALYSIS = YES;
				CLANG_WARN_STRICT_PROTOTYPES = YES;
				CLANG_WARN_SUSPICIOUS_MOVE = YES;
				CLANG_WARN_UNGUARDED_AVAILABILITY = YES_AGGRESSIVE;
				CLANG_WARN_UNREACHABLE_CODE = YES;
				CLANG_WARN__DUPLICATE_METHOD_MATCH = YES;
				COPY_PHASE_STRIP = NO;
				DEBUG_INFORMATION_FORMAT = dwarf;
				ENABLE_STRICT_OBJC_MSGSEND = YES;
				ENABLE_TESTABILITY = YES;
				GCC_C_LANGUAGE_STANDARD = gnu11;
				GCC_DYNAMIC_NO_PIC = NO;
				GCC_NO_COMMON_BLOCKS = YES;
				GCC_OPTIMIZATION_LEVEL = 0;
				GCC_PREPROCESSOR_DEFINITIONS = (
					"DEBUG=1",
					"$(inherited)",
				);
				GCC_WARN_64_TO_32_BIT_CONVERSION = YES;
				GCC_WARN_ABOUT_RETURN_TYPE = YES_ERROR;
				GCC_WARN_UNDECLARED_SELECTOR = YES;
				GCC_WARN_UNINITIALIZED_AUTOS = YES_AGGRESSIVE;
				GCC_WARN_UNUSED_FUNCTION = YES;
				GCC_WARN_UNUSED_VARIABLE = YES;
				IPHONEOS_DEPLOYMENT_TARGET = 13.0;
				MTL_ENABLE_DEBUG_INFO = INCLUDE_SOURCE;
				MTL_FAST_MATH = YES;
				ONLY_ACTIVE_ARCH = YES;
				SDKROOT = iphoneos;
				SWIFT_ACTIVE_COMPILATION_CONDITIONS = DEBUG;
				SWIFT_OPTIMIZATION_LEVEL = "-Onone";
			};
			name = Debug;
		};
		350A33532800450100201E40 /* Release */ = {
			isa = XCBuildConfiguration;
			buildSettings = {
				ALWAYS_SEARCH_USER_PATHS = NO;
				CLANG_ANALYZER_NONNULL = YES;
				CLANG_ANALYZER_NUMBER_OBJECT_CONVERSION = YES_AGGRESSIVE;
				CLANG_CXX_LANGUAGE_STANDARD = "gnu++17";
				CLANG_CXX_LIBRARY = "libc++";
				CLANG_ENABLE_MODULES = YES;
				CLANG_ENABLE_OBJC_ARC = YES;
				CLANG_ENABLE_OBJC_WEAK = YES;
				CLANG_WARN_BLOCK_CAPTURE_AUTORELEASING = YES;
				CLANG_WARN_BOOL_CONVERSION = YES;
				CLANG_WARN_COMMA = YES;
				CLANG_WARN_CONSTANT_CONVERSION = YES;
				CLANG_WARN_DEPRECATED_OBJC_IMPLEMENTATIONS = YES;
				CLANG_WARN_DIRECT_OBJC_ISA_USAGE = YES_ERROR;
				CLANG_WARN_DOCUMENTATION_COMMENTS = YES;
				CLANG_WARN_EMPTY_BODY = YES;
				CLANG_WARN_ENUM_CONVERSION = YES;
				CLANG_WARN_INFINITE_RECURSION = YES;
				CLANG_WARN_INT_CONVERSION = YES;
				CLANG_WARN_NON_LITERAL_NULL_CONVERSION = YES;
				CLANG_WARN_OBJC_IMPLICIT_RETAIN_SELF = YES;
				CLANG_WARN_OBJC_LITERAL_CONVERSION = YES;
				CLANG_WARN_OBJC_ROOT_CLASS = YES_ERROR;
				CLANG_WARN_QUOTED_INCLUDE_IN_FRAMEWORK_HEADER = YES;
				CLANG_WARN_RANGE_LOOP_ANALYSIS = YES;
				CLANG_WARN_STRICT_PROTOTYPES = YES;
				CLANG_WARN_SUSPICIOUS_MOVE = YES;
				CLANG_WARN_UNGUARDED_AVAILABILITY = YES_AGGRESSIVE;
				CLANG_WARN_UNREACHABLE_CODE = YES;
				CLANG_WARN__DUPLICATE_METHOD_MATCH = YES;
				COPY_PHASE_STRIP = NO;
				DEBUG_INFORMATION_FORMAT = "dwarf-with-dsym";
				ENABLE_NS_ASSERTIONS = NO;
				ENABLE_STRICT_OBJC_MSGSEND = YES;
				GCC_C_LANGUAGE_STANDARD = gnu11;
				GCC_NO_COMMON_BLOCKS = YES;
				GCC_WARN_64_TO_32_BIT_CONVERSION = YES;
				GCC_WARN_ABOUT_RETURN_TYPE = YES_ERROR;
				GCC_WARN_UNDECLARED_SELECTOR = YES;
				GCC_WARN_UNINITIALIZED_AUTOS = YES_AGGRESSIVE;
				GCC_WARN_UNUSED_FUNCTION = YES;
				GCC_WARN_UNUSED_VARIABLE = YES;
				IPHONEOS_DEPLOYMENT_TARGET = 13.0;
				MTL_ENABLE_DEBUG_INFO = NO;
				MTL_FAST_MATH = YES;
				SDKROOT = iphoneos;
				SWIFT_COMPILATION_MODE = wholemodule;
				SWIFT_OPTIMIZATION_LEVEL = "-O";
				VALIDATE_PRODUCT = YES;
			};
			name = Release;
		};
		350A33552800450100201E40 /* Debug */ = {
			isa = XCBuildConfiguration;
			baseConfigurationReference = 0619BB2CF09025753646E789 /* Pods-Bill-Splitting.debug.xcconfig */;
			buildSettings = {
				ASSETCATALOG_COMPILER_APPICON_NAME = AppIcon;
				ASSETCATALOG_COMPILER_GLOBAL_ACCENT_COLOR_NAME = AccentColor;
				CODE_SIGN_STYLE = Automatic;
				CURRENT_PROJECT_VERSION = 1;
				GENERATE_INFOPLIST_FILE = YES;
				INFOPLIST_FILE = "Bill-Splitting/Info.plist";
				INFOPLIST_KEY_UIApplicationSupportsIndirectInputEvents = YES;
				INFOPLIST_KEY_UILaunchStoryboardName = LaunchScreen;
				INFOPLIST_KEY_UIMainStoryboardFile = Main;
				INFOPLIST_KEY_UISupportedInterfaceOrientations_iPad = "UIInterfaceOrientationPortrait UIInterfaceOrientationPortraitUpsideDown UIInterfaceOrientationLandscapeLeft UIInterfaceOrientationLandscapeRight";
				INFOPLIST_KEY_UISupportedInterfaceOrientations_iPhone = "UIInterfaceOrientationPortrait UIInterfaceOrientationLandscapeLeft UIInterfaceOrientationLandscapeRight";
				LD_RUNPATH_SEARCH_PATHS = (
					"$(inherited)",
					"@executable_path/Frameworks",
				);
				MARKETING_VERSION = 1.0;
				PRODUCT_BUNDLE_IDENTIFIER = "com.lei.Bill-Splitting";
				PRODUCT_NAME = "$(TARGET_NAME)";
				SWIFT_EMIT_LOC_STRINGS = YES;
				SWIFT_VERSION = 5.0;
				TARGETED_DEVICE_FAMILY = "1,2";
			};
			name = Debug;
		};
		350A33562800450100201E40 /* Release */ = {
			isa = XCBuildConfiguration;
			baseConfigurationReference = 55154E560DABCC620B02955B /* Pods-Bill-Splitting.release.xcconfig */;
			buildSettings = {
				ASSETCATALOG_COMPILER_APPICON_NAME = AppIcon;
				ASSETCATALOG_COMPILER_GLOBAL_ACCENT_COLOR_NAME = AccentColor;
				CODE_SIGN_STYLE = Automatic;
				CURRENT_PROJECT_VERSION = 1;
				GENERATE_INFOPLIST_FILE = YES;
				INFOPLIST_FILE = "Bill-Splitting/Info.plist";
				INFOPLIST_KEY_UIApplicationSupportsIndirectInputEvents = YES;
				INFOPLIST_KEY_UILaunchStoryboardName = LaunchScreen;
				INFOPLIST_KEY_UIMainStoryboardFile = Main;
				INFOPLIST_KEY_UISupportedInterfaceOrientations_iPad = "UIInterfaceOrientationPortrait UIInterfaceOrientationPortraitUpsideDown UIInterfaceOrientationLandscapeLeft UIInterfaceOrientationLandscapeRight";
				INFOPLIST_KEY_UISupportedInterfaceOrientations_iPhone = "UIInterfaceOrientationPortrait UIInterfaceOrientationLandscapeLeft UIInterfaceOrientationLandscapeRight";
				LD_RUNPATH_SEARCH_PATHS = (
					"$(inherited)",
					"@executable_path/Frameworks",
				);
				MARKETING_VERSION = 1.0;
				PRODUCT_BUNDLE_IDENTIFIER = "com.lei.Bill-Splitting";
				PRODUCT_NAME = "$(TARGET_NAME)";
				SWIFT_EMIT_LOC_STRINGS = YES;
				SWIFT_VERSION = 5.0;
				TARGETED_DEVICE_FAMILY = "1,2";
			};
			name = Release;
		};
/* End XCBuildConfiguration section */

/* Begin XCConfigurationList section */
		350A333B2800450000201E40 /* Build configuration list for PBXProject "Bill-Splitting" */ = {
			isa = XCConfigurationList;
			buildConfigurations = (
				350A33522800450100201E40 /* Debug */,
				350A33532800450100201E40 /* Release */,
			);
			defaultConfigurationIsVisible = 0;
			defaultConfigurationName = Release;
		};
		350A33542800450100201E40 /* Build configuration list for PBXNativeTarget "Bill-Splitting" */ = {
			isa = XCConfigurationList;
			buildConfigurations = (
				350A33552800450100201E40 /* Debug */,
				350A33562800450100201E40 /* Release */,
			);
			defaultConfigurationIsVisible = 0;
			defaultConfigurationName = Release;
		};
/* End XCConfigurationList section */
	};
	rootObject = 350A33382800450000201E40 /* Project object */;
}
