// !$*UTF8*$!
{
	archiveVersion = 1;
	classes = {
	};
	objectVersion = 55;
	objects = {

/* Begin PBXBuildFile section */
		350A33442800450000201E40 /* AppDelegate.swift in Sources */ = {isa = PBXBuildFile; fileRef = 350A33432800450000201E40 /* AppDelegate.swift */; };
		350A33462800450000201E40 /* SceneDelegate.swift in Sources */ = {isa = PBXBuildFile; fileRef = 350A33452800450000201E40 /* SceneDelegate.swift */; };
		350A33482800450000201E40 /* AddGroupsViewController.swift in Sources */ = {isa = PBXBuildFile; fileRef = 350A33472800450000201E40 /* AddGroupsViewController.swift */; };
		350A334B2800450000201E40 /* Main.storyboard in Resources */ = {isa = PBXBuildFile; fileRef = 350A33492800450000201E40 /* Main.storyboard */; };
		350A334D2800450100201E40 /* Assets.xcassets in Resources */ = {isa = PBXBuildFile; fileRef = 350A334C2800450100201E40 /* Assets.xcassets */; };
		350A33502800450100201E40 /* LaunchScreen.storyboard in Resources */ = {isa = PBXBuildFile; fileRef = 350A334E2800450100201E40 /* LaunchScreen.storyboard */; };
		350A335C2803DD0100201E40 /* TabBarViewController.swift in Sources */ = {isa = PBXBuildFile; fileRef = 350A335B2803DD0100201E40 /* TabBarViewController.swift */; };
		350A335E2803DF2500201E40 /* Groups.storyboard in Resources */ = {isa = PBXBuildFile; fileRef = 350A335D2803DF2500201E40 /* Groups.storyboard */; };
		350A33602803DF3C00201E40 /* AddGroups.storyboard in Resources */ = {isa = PBXBuildFile; fileRef = 350A335F2803DF3C00201E40 /* AddGroups.storyboard */; };
		350A33622803DF4300201E40 /* Profile.storyboard in Resources */ = {isa = PBXBuildFile; fileRef = 350A33612803DF4300201E40 /* Profile.storyboard */; };
		350A33642803EF5000201E40 /* Storyboard+Extension.swift in Sources */ = {isa = PBXBuildFile; fileRef = 350A33632803EF5000201E40 /* Storyboard+Extension.swift */; };
		350A33682803F65800201E40 /* GoogleService-Info.plist in Resources */ = {isa = PBXBuildFile; fileRef = 350A33672803F65800201E40 /* GoogleService-Info.plist */; };
		350A336A2804192C00201E40 /* BaseTexFieldView + PickerView.swift in Sources */ = {isa = PBXBuildFile; fileRef = 350A33692804192C00201E40 /* BaseTexFieldView + PickerView.swift */; };
		350A336F280445BF00201E40 /* AddGroupTableViewCell.swift in Sources */ = {isa = PBXBuildFile; fileRef = 350A336D280445BF00201E40 /* AddGroupTableViewCell.swift */; };
		350A3370280445BF00201E40 /* AddGroupTableViewCell.xib in Resources */ = {isa = PBXBuildFile; fileRef = 350A336E280445BF00201E40 /* AddGroupTableViewCell.xib */; };
		350A33732804638A00201E40 /* GroupManager.swift in Sources */ = {isa = PBXBuildFile; fileRef = 350A33722804638A00201E40 /* GroupManager.swift */; };
		350A3375280464E500201E40 /* GroupObject.swift in Sources */ = {isa = PBXBuildFile; fileRef = 350A3374280464E500201E40 /* GroupObject.swift */; };
		350A3377280468D000201E40 /* UserManager.swift in Sources */ = {isa = PBXBuildFile; fileRef = 350A3376280468D000201E40 /* UserManager.swift */; };
		350A3379280469BB00201E40 /* UserObject.swift in Sources */ = {isa = PBXBuildFile; fileRef = 350A3378280469BB00201E40 /* UserObject.swift */; };
		350A337B2805060B00201E40 /* FriendManager.swift in Sources */ = {isa = PBXBuildFile; fileRef = 350A337A2805060B00201E40 /* FriendManager.swift */; };
		355090DB280DA0E10007C0CE /* SubscriptionObject.swift in Sources */ = {isa = PBXBuildFile; fileRef = 355090DA280DA0E10007C0CE /* SubscriptionObject.swift */; };
		355090DD280DA19F0007C0CE /* SubscriptionManager.swift in Sources */ = {isa = PBXBuildFile; fileRef = 355090DC280DA19F0007C0CE /* SubscriptionManager.swift */; };
		355090DF280DA5900007C0CE /* FireBaseCollection.swift in Sources */ = {isa = PBXBuildFile; fileRef = 355090DE280DA5900007C0CE /* FireBaseCollection.swift */; };
		355090E1280EB9360007C0CE /* PaymentViewController.swift in Sources */ = {isa = PBXBuildFile; fileRef = 355090E0280EB9360007C0CE /* PaymentViewController.swift */; };
		355090E3280EBC190007C0CE /* AddPaymentViewController.swift in Sources */ = {isa = PBXBuildFile; fileRef = 355090E2280EBC190007C0CE /* AddPaymentViewController.swift */; };
		355090E6280EDE020007C0CE /* PaymentTableViewCell.swift in Sources */ = {isa = PBXBuildFile; fileRef = 355090E4280EDE020007C0CE /* PaymentTableViewCell.swift */; };
		355090E7280EDE020007C0CE /* PaymentTableViewCell.xib in Resources */ = {isa = PBXBuildFile; fileRef = 355090E5280EDE020007C0CE /* PaymentTableViewCell.xib */; };
		355090E9280FAA690007C0CE /* AddMoreInfoViewController.swift in Sources */ = {isa = PBXBuildFile; fileRef = 355090E8280FAA690007C0CE /* AddMoreInfoViewController.swift */; };
		355090EB280FBBB10007C0CE /* ImageManager.swift in Sources */ = {isa = PBXBuildFile; fileRef = 355090EA280FBBB10007C0CE /* ImageManager.swift */; };
		355090ED28100E150007C0CE /* Reminders.storyboard in Resources */ = {isa = PBXBuildFile; fileRef = 355090EC28100E150007C0CE /* Reminders.storyboard */; };
		355090EF28100FA80007C0CE /* RemindersViewController.swift in Sources */ = {isa = PBXBuildFile; fileRef = 355090EE28100FA80007C0CE /* RemindersViewController.swift */; };
		355090F1281039110007C0CE /* AddReminderViewController.swift in Sources */ = {isa = PBXBuildFile; fileRef = 355090F0281039110007C0CE /* AddReminderViewController.swift */; };
		35568A102813D0BA00646B57 /* Kingfisher.swift in Sources */ = {isa = PBXBuildFile; fileRef = 35568A0F2813D0BA00646B57 /* Kingfisher.swift */; };
		35568A1228145DA000646B57 /* GroupDetailViewController.swift in Sources */ = {isa = PBXBuildFile; fileRef = 35568A1128145DA000646B57 /* GroupDetailViewController.swift */; };
		35568A152814638300646B57 /* GroupDetailTableViewCell.swift in Sources */ = {isa = PBXBuildFile; fileRef = 35568A132814638300646B57 /* GroupDetailTableViewCell.swift */; };
		35568A162814638300646B57 /* GroupDetailTableViewCell.xib in Resources */ = {isa = PBXBuildFile; fileRef = 35568A142814638300646B57 /* GroupDetailTableViewCell.xib */; };
		3593E1232811884900F3A31C /* ReminderManager.swift in Sources */ = {isa = PBXBuildFile; fileRef = 3593E1222811884900F3A31C /* ReminderManager.swift */; };
		3593E125281188D100F3A31C /* ReminderObject.swift in Sources */ = {isa = PBXBuildFile; fileRef = 3593E124281188D100F3A31C /* ReminderObject.swift */; };
		3593E128281262AE00F3A31C /* ReminderTableViewCell.swift in Sources */ = {isa = PBXBuildFile; fileRef = 3593E126281262AE00F3A31C /* ReminderTableViewCell.swift */; };
		3593E129281262AE00F3A31C /* ReminderTableViewCell.xib in Resources */ = {isa = PBXBuildFile; fileRef = 3593E127281262AE00F3A31C /* ReminderTableViewCell.xib */; };
		3593E12B2812C44200F3A31C /* ItemDetailViewController.swift in Sources */ = {isa = PBXBuildFile; fileRef = 3593E12A2812C44200F3A31C /* ItemDetailViewController.swift */; };
		3593E12E2812C69800F3A31C /* ItemDetailTableViewCell.swift in Sources */ = {isa = PBXBuildFile; fileRef = 3593E12C2812C69800F3A31C /* ItemDetailTableViewCell.swift */; };
		3593E12F2812C69800F3A31C /* ItemDetailTableViewCell.xib in Resources */ = {isa = PBXBuildFile; fileRef = 3593E12D2812C69800F3A31C /* ItemDetailTableViewCell.xib */; };
		3593E1322812E34100F3A31C /* ItemMemberTableViewCell.swift in Sources */ = {isa = PBXBuildFile; fileRef = 3593E1302812E34100F3A31C /* ItemMemberTableViewCell.swift */; };
		3593E1332812E34100F3A31C /* ItemMemberTableViewCell.xib in Resources */ = {isa = PBXBuildFile; fileRef = 3593E1312812E34100F3A31C /* ItemMemberTableViewCell.xib */; };
		35FF63CD2805175E00508EAF /* InviteFriendViewController.swift in Sources */ = {isa = PBXBuildFile; fileRef = 35FF63CC2805175E00508EAF /* InviteFriendViewController.swift */; };
		35FF63CF28055B1500508EAF /* ProfileViewController.swift in Sources */ = {isa = PBXBuildFile; fileRef = 35FF63CE28055B1500508EAF /* ProfileViewController.swift */; };
		35FF63D228055BA000508EAF /* ProfileTableViewCell.swift in Sources */ = {isa = PBXBuildFile; fileRef = 35FF63D028055BA000508EAF /* ProfileTableViewCell.swift */; };
		35FF63D328055BA000508EAF /* ProfileTableViewCell.xib in Resources */ = {isa = PBXBuildFile; fileRef = 35FF63D128055BA000508EAF /* ProfileTableViewCell.xib */; };
		35FF63D528055F6500508EAF /* FriendListViewController.swift in Sources */ = {isa = PBXBuildFile; fileRef = 35FF63D428055F6500508EAF /* FriendListViewController.swift */; };
		35FF63D72805626800508EAF /* FriendInvitationViewController.swift in Sources */ = {isa = PBXBuildFile; fileRef = 35FF63D62805626800508EAF /* FriendInvitationViewController.swift */; };
		35FF63DA2805629B00508EAF /* InvitationTableViewCell.swift in Sources */ = {isa = PBXBuildFile; fileRef = 35FF63D82805629B00508EAF /* InvitationTableViewCell.swift */; };
		35FF63DB2805629B00508EAF /* InvitationTableViewCell.xib in Resources */ = {isa = PBXBuildFile; fileRef = 35FF63D92805629B00508EAF /* InvitationTableViewCell.xib */; };
		35FF63DD2806560F00508EAF /* ItemManager.swift in Sources */ = {isa = PBXBuildFile; fileRef = 35FF63DC2806560F00508EAF /* ItemManager.swift */; };
		35FF63DF2806563500508EAF /* ItemObject.swift in Sources */ = {isa = PBXBuildFile; fileRef = 35FF63DE2806563500508EAF /* ItemObject.swift */; };
		35FF63E128066F8800508EAF /* GroupsView.swift in Sources */ = {isa = PBXBuildFile; fileRef = 35FF63E028066F8800508EAF /* GroupsView.swift */; };
		35FF63E52806749D00508EAF /* GroupsViewController.swift in Sources */ = {isa = PBXBuildFile; fileRef = 35FF63E42806749D00508EAF /* GroupsViewController.swift */; };
		35FF63EA2806A23000508EAF /* GroupsTableViewCell.swift in Sources */ = {isa = PBXBuildFile; fileRef = 35FF63E82806A23000508EAF /* GroupsTableViewCell.swift */; };
		35FF63EB2806A23000508EAF /* GroupsTableViewCell.xib in Resources */ = {isa = PBXBuildFile; fileRef = 35FF63E92806A23000508EAF /* GroupsTableViewCell.xib */; };
		35FF63ED2806AAD000508EAF /* MultipleUsersGrouplViewController.swift in Sources */ = {isa = PBXBuildFile; fileRef = 35FF63EC2806AAD000508EAF /* MultipleUsersGrouplViewController.swift */; };
		35FF63EF2806B24D00508EAF /* GroupDetailView.swift in Sources */ = {isa = PBXBuildFile; fileRef = 35FF63EE2806B24D00508EAF /* GroupDetailView.swift */; };
		35FF63F12807B22400508EAF /* AddItemViewController.swift in Sources */ = {isa = PBXBuildFile; fileRef = 35FF63F02807B22400508EAF /* AddItemViewController.swift */; };
		35FF63F32807B2DB00508EAF /* AddItemView.swift in Sources */ = {isa = PBXBuildFile; fileRef = 35FF63F22807B2DB00508EAF /* AddItemView.swift */; };
		35FF63F628080A8A00508EAF /* AddItemTableViewCell.swift in Sources */ = {isa = PBXBuildFile; fileRef = 35FF63F428080A8A00508EAF /* AddItemTableViewCell.swift */; };
		35FF63F728080A8A00508EAF /* AddItemTableViewCell.xib in Resources */ = {isa = PBXBuildFile; fileRef = 35FF63F528080A8A00508EAF /* AddItemTableViewCell.xib */; };
		35FF63FA2809672100508EAF /* ItemTableViewCell.swift in Sources */ = {isa = PBXBuildFile; fileRef = 35FF63F82809672100508EAF /* ItemTableViewCell.swift */; };
		35FF63FB2809672100508EAF /* ItemTableViewCell.xib in Resources */ = {isa = PBXBuildFile; fileRef = 35FF63F92809672100508EAF /* ItemTableViewCell.xib */; };
		35FF63FD280A5B3300508EAF /* SettleUpViewController.swift in Sources */ = {isa = PBXBuildFile; fileRef = 35FF63FC280A5B3200508EAF /* SettleUpViewController.swift */; };
		35FF6400280A619E00508EAF /* SettleUpTableViewCell.swift in Sources */ = {isa = PBXBuildFile; fileRef = 35FF63FE280A619E00508EAF /* SettleUpTableViewCell.swift */; };
		35FF6401280A619E00508EAF /* SettleUpTableViewCell.xib in Resources */ = {isa = PBXBuildFile; fileRef = 35FF63FF280A619E00508EAF /* SettleUpTableViewCell.xib */; };
		35FF6405280C2B8500508EAF /* SpecificSettleIUpViewController.swift in Sources */ = {isa = PBXBuildFile; fileRef = 35FF6404280C2B8500508EAF /* SpecificSettleIUpViewController.swift */; };
		35FF6407280C62C900508EAF /* SubscribeViewController.swift in Sources */ = {isa = PBXBuildFile; fileRef = 35FF6406280C62C900508EAF /* SubscribeViewController.swift */; };
		FDC92872A92782C067FD7CAA /* Pods_Bill_Splitting.framework in Frameworks */ = {isa = PBXBuildFile; fileRef = F86F6C5233B86EE54AEAD309 /* Pods_Bill_Splitting.framework */; };
/* End PBXBuildFile section */

/* Begin PBXFileReference section */
		0619BB2CF09025753646E789 /* Pods-Bill-Splitting.debug.xcconfig */ = {isa = PBXFileReference; includeInIndex = 1; lastKnownFileType = text.xcconfig; name = "Pods-Bill-Splitting.debug.xcconfig"; path = "Target Support Files/Pods-Bill-Splitting/Pods-Bill-Splitting.debug.xcconfig"; sourceTree = "<group>"; };
		350A33402800450000201E40 /* Bill-Splitting.app */ = {isa = PBXFileReference; explicitFileType = wrapper.application; includeInIndex = 0; path = "Bill-Splitting.app"; sourceTree = BUILT_PRODUCTS_DIR; };
		350A33432800450000201E40 /* AppDelegate.swift */ = {isa = PBXFileReference; lastKnownFileType = sourcecode.swift; path = AppDelegate.swift; sourceTree = "<group>"; };
		350A33452800450000201E40 /* SceneDelegate.swift */ = {isa = PBXFileReference; lastKnownFileType = sourcecode.swift; path = SceneDelegate.swift; sourceTree = "<group>"; };
		350A33472800450000201E40 /* AddGroupsViewController.swift */ = {isa = PBXFileReference; lastKnownFileType = sourcecode.swift; path = AddGroupsViewController.swift; sourceTree = "<group>"; };
		350A334A2800450000201E40 /* Base */ = {isa = PBXFileReference; lastKnownFileType = file.storyboard; name = Base; path = Base.lproj/Main.storyboard; sourceTree = "<group>"; };
		350A334C2800450100201E40 /* Assets.xcassets */ = {isa = PBXFileReference; lastKnownFileType = folder.assetcatalog; path = Assets.xcassets; sourceTree = "<group>"; };
		350A334F2800450100201E40 /* Base */ = {isa = PBXFileReference; lastKnownFileType = file.storyboard; name = Base; path = Base.lproj/LaunchScreen.storyboard; sourceTree = "<group>"; };
		350A33512800450100201E40 /* Info.plist */ = {isa = PBXFileReference; lastKnownFileType = text.plist.xml; path = Info.plist; sourceTree = "<group>"; };
		350A335B2803DD0100201E40 /* TabBarViewController.swift */ = {isa = PBXFileReference; lastKnownFileType = sourcecode.swift; path = TabBarViewController.swift; sourceTree = "<group>"; };
		350A335D2803DF2500201E40 /* Groups.storyboard */ = {isa = PBXFileReference; lastKnownFileType = file.storyboard; path = Groups.storyboard; sourceTree = "<group>"; };
		350A335F2803DF3C00201E40 /* AddGroups.storyboard */ = {isa = PBXFileReference; lastKnownFileType = file.storyboard; path = AddGroups.storyboard; sourceTree = "<group>"; };
		350A33612803DF4300201E40 /* Profile.storyboard */ = {isa = PBXFileReference; lastKnownFileType = file.storyboard; path = Profile.storyboard; sourceTree = "<group>"; };
		350A33632803EF5000201E40 /* Storyboard+Extension.swift */ = {isa = PBXFileReference; lastKnownFileType = sourcecode.swift; path = "Storyboard+Extension.swift"; sourceTree = "<group>"; };
		350A33672803F65800201E40 /* GoogleService-Info.plist */ = {isa = PBXFileReference; fileEncoding = 4; lastKnownFileType = text.plist.xml; path = "GoogleService-Info.plist"; sourceTree = "<group>"; };
		350A33692804192C00201E40 /* BaseTexFieldView + PickerView.swift */ = {isa = PBXFileReference; lastKnownFileType = sourcecode.swift; path = "BaseTexFieldView + PickerView.swift"; sourceTree = "<group>"; };
		350A336D280445BF00201E40 /* AddGroupTableViewCell.swift */ = {isa = PBXFileReference; lastKnownFileType = sourcecode.swift; path = AddGroupTableViewCell.swift; sourceTree = "<group>"; };
		350A336E280445BF00201E40 /* AddGroupTableViewCell.xib */ = {isa = PBXFileReference; lastKnownFileType = file.xib; path = AddGroupTableViewCell.xib; sourceTree = "<group>"; };
		350A33722804638A00201E40 /* GroupManager.swift */ = {isa = PBXFileReference; lastKnownFileType = sourcecode.swift; path = GroupManager.swift; sourceTree = "<group>"; };
		350A3374280464E500201E40 /* GroupObject.swift */ = {isa = PBXFileReference; lastKnownFileType = sourcecode.swift; path = GroupObject.swift; sourceTree = "<group>"; };
		350A3376280468D000201E40 /* UserManager.swift */ = {isa = PBXFileReference; lastKnownFileType = sourcecode.swift; path = UserManager.swift; sourceTree = "<group>"; };
		350A3378280469BB00201E40 /* UserObject.swift */ = {isa = PBXFileReference; lastKnownFileType = sourcecode.swift; path = UserObject.swift; sourceTree = "<group>"; };
		350A337A2805060B00201E40 /* FriendManager.swift */ = {isa = PBXFileReference; lastKnownFileType = sourcecode.swift; path = FriendManager.swift; sourceTree = "<group>"; };
		355090DA280DA0E10007C0CE /* SubscriptionObject.swift */ = {isa = PBXFileReference; lastKnownFileType = sourcecode.swift; path = SubscriptionObject.swift; sourceTree = "<group>"; };
		355090DC280DA19F0007C0CE /* SubscriptionManager.swift */ = {isa = PBXFileReference; lastKnownFileType = sourcecode.swift; path = SubscriptionManager.swift; sourceTree = "<group>"; };
		355090DE280DA5900007C0CE /* FireBaseCollection.swift */ = {isa = PBXFileReference; lastKnownFileType = sourcecode.swift; path = FireBaseCollection.swift; sourceTree = "<group>"; };
		355090E0280EB9360007C0CE /* PaymentViewController.swift */ = {isa = PBXFileReference; lastKnownFileType = sourcecode.swift; path = PaymentViewController.swift; sourceTree = "<group>"; };
		355090E2280EBC190007C0CE /* AddPaymentViewController.swift */ = {isa = PBXFileReference; lastKnownFileType = sourcecode.swift; path = AddPaymentViewController.swift; sourceTree = "<group>"; };
		355090E4280EDE020007C0CE /* PaymentTableViewCell.swift */ = {isa = PBXFileReference; lastKnownFileType = sourcecode.swift; path = PaymentTableViewCell.swift; sourceTree = "<group>"; };
		355090E5280EDE020007C0CE /* PaymentTableViewCell.xib */ = {isa = PBXFileReference; lastKnownFileType = file.xib; path = PaymentTableViewCell.xib; sourceTree = "<group>"; };
		355090E8280FAA690007C0CE /* AddMoreInfoViewController.swift */ = {isa = PBXFileReference; lastKnownFileType = sourcecode.swift; path = AddMoreInfoViewController.swift; sourceTree = "<group>"; };
		355090EA280FBBB10007C0CE /* ImageManager.swift */ = {isa = PBXFileReference; lastKnownFileType = sourcecode.swift; path = ImageManager.swift; sourceTree = "<group>"; };
		355090EC28100E150007C0CE /* Reminders.storyboard */ = {isa = PBXFileReference; lastKnownFileType = file.storyboard; path = Reminders.storyboard; sourceTree = "<group>"; };
		355090EE28100FA80007C0CE /* RemindersViewController.swift */ = {isa = PBXFileReference; lastKnownFileType = sourcecode.swift; path = RemindersViewController.swift; sourceTree = "<group>"; };
		355090F0281039110007C0CE /* AddReminderViewController.swift */ = {isa = PBXFileReference; lastKnownFileType = sourcecode.swift; path = AddReminderViewController.swift; sourceTree = "<group>"; };
		35568A0F2813D0BA00646B57 /* Kingfisher.swift */ = {isa = PBXFileReference; lastKnownFileType = sourcecode.swift; path = Kingfisher.swift; sourceTree = "<group>"; };
		35568A1128145DA000646B57 /* GroupDetailViewController.swift */ = {isa = PBXFileReference; lastKnownFileType = sourcecode.swift; path = GroupDetailViewController.swift; sourceTree = "<group>"; };
		35568A132814638300646B57 /* GroupDetailTableViewCell.swift */ = {isa = PBXFileReference; lastKnownFileType = sourcecode.swift; path = GroupDetailTableViewCell.swift; sourceTree = "<group>"; };
		35568A142814638300646B57 /* GroupDetailTableViewCell.xib */ = {isa = PBXFileReference; lastKnownFileType = file.xib; path = GroupDetailTableViewCell.xib; sourceTree = "<group>"; };
		3593E1222811884900F3A31C /* ReminderManager.swift */ = {isa = PBXFileReference; lastKnownFileType = sourcecode.swift; path = ReminderManager.swift; sourceTree = "<group>"; };
		3593E124281188D100F3A31C /* ReminderObject.swift */ = {isa = PBXFileReference; lastKnownFileType = sourcecode.swift; path = ReminderObject.swift; sourceTree = "<group>"; };
		3593E126281262AE00F3A31C /* ReminderTableViewCell.swift */ = {isa = PBXFileReference; lastKnownFileType = sourcecode.swift; path = ReminderTableViewCell.swift; sourceTree = "<group>"; };
		3593E127281262AE00F3A31C /* ReminderTableViewCell.xib */ = {isa = PBXFileReference; lastKnownFileType = file.xib; path = ReminderTableViewCell.xib; sourceTree = "<group>"; };
		3593E12A2812C44200F3A31C /* ItemDetailViewController.swift */ = {isa = PBXFileReference; lastKnownFileType = sourcecode.swift; path = ItemDetailViewController.swift; sourceTree = "<group>"; };
		3593E12C2812C69800F3A31C /* ItemDetailTableViewCell.swift */ = {isa = PBXFileReference; lastKnownFileType = sourcecode.swift; path = ItemDetailTableViewCell.swift; sourceTree = "<group>"; };
		3593E12D2812C69800F3A31C /* ItemDetailTableViewCell.xib */ = {isa = PBXFileReference; lastKnownFileType = file.xib; path = ItemDetailTableViewCell.xib; sourceTree = "<group>"; };
		3593E1302812E34100F3A31C /* ItemMemberTableViewCell.swift */ = {isa = PBXFileReference; lastKnownFileType = sourcecode.swift; path = ItemMemberTableViewCell.swift; sourceTree = "<group>"; };
		3593E1312812E34100F3A31C /* ItemMemberTableViewCell.xib */ = {isa = PBXFileReference; lastKnownFileType = file.xib; path = ItemMemberTableViewCell.xib; sourceTree = "<group>"; };
		35FF63CC2805175E00508EAF /* InviteFriendViewController.swift */ = {isa = PBXFileReference; lastKnownFileType = sourcecode.swift; path = InviteFriendViewController.swift; sourceTree = "<group>"; };
		35FF63CE28055B1500508EAF /* ProfileViewController.swift */ = {isa = PBXFileReference; lastKnownFileType = sourcecode.swift; path = ProfileViewController.swift; sourceTree = "<group>"; };
		35FF63D028055BA000508EAF /* ProfileTableViewCell.swift */ = {isa = PBXFileReference; lastKnownFileType = sourcecode.swift; path = ProfileTableViewCell.swift; sourceTree = "<group>"; };
		35FF63D128055BA000508EAF /* ProfileTableViewCell.xib */ = {isa = PBXFileReference; lastKnownFileType = file.xib; path = ProfileTableViewCell.xib; sourceTree = "<group>"; };
		35FF63D428055F6500508EAF /* FriendListViewController.swift */ = {isa = PBXFileReference; lastKnownFileType = sourcecode.swift; path = FriendListViewController.swift; sourceTree = "<group>"; };
		35FF63D62805626800508EAF /* FriendInvitationViewController.swift */ = {isa = PBXFileReference; lastKnownFileType = sourcecode.swift; path = FriendInvitationViewController.swift; sourceTree = "<group>"; };
		35FF63D82805629B00508EAF /* InvitationTableViewCell.swift */ = {isa = PBXFileReference; lastKnownFileType = sourcecode.swift; path = InvitationTableViewCell.swift; sourceTree = "<group>"; };
		35FF63D92805629B00508EAF /* InvitationTableViewCell.xib */ = {isa = PBXFileReference; lastKnownFileType = file.xib; path = InvitationTableViewCell.xib; sourceTree = "<group>"; };
		35FF63DC2806560F00508EAF /* ItemManager.swift */ = {isa = PBXFileReference; lastKnownFileType = sourcecode.swift; path = ItemManager.swift; sourceTree = "<group>"; };
		35FF63DE2806563500508EAF /* ItemObject.swift */ = {isa = PBXFileReference; lastKnownFileType = sourcecode.swift; path = ItemObject.swift; sourceTree = "<group>"; };
		35FF63E028066F8800508EAF /* GroupsView.swift */ = {isa = PBXFileReference; lastKnownFileType = sourcecode.swift; path = GroupsView.swift; sourceTree = "<group>"; };
		35FF63E42806749D00508EAF /* GroupsViewController.swift */ = {isa = PBXFileReference; lastKnownFileType = sourcecode.swift; path = GroupsViewController.swift; sourceTree = "<group>"; };
		35FF63E82806A23000508EAF /* GroupsTableViewCell.swift */ = {isa = PBXFileReference; lastKnownFileType = sourcecode.swift; path = GroupsTableViewCell.swift; sourceTree = "<group>"; };
		35FF63E92806A23000508EAF /* GroupsTableViewCell.xib */ = {isa = PBXFileReference; lastKnownFileType = file.xib; path = GroupsTableViewCell.xib; sourceTree = "<group>"; };
		35FF63EC2806AAD000508EAF /* MultipleUsersGrouplViewController.swift */ = {isa = PBXFileReference; lastKnownFileType = sourcecode.swift; path = MultipleUsersGrouplViewController.swift; sourceTree = "<group>"; };
		35FF63EE2806B24D00508EAF /* GroupDetailView.swift */ = {isa = PBXFileReference; lastKnownFileType = sourcecode.swift; path = GroupDetailView.swift; sourceTree = "<group>"; };
		35FF63F02807B22400508EAF /* AddItemViewController.swift */ = {isa = PBXFileReference; lastKnownFileType = sourcecode.swift; path = AddItemViewController.swift; sourceTree = "<group>"; };
		35FF63F22807B2DB00508EAF /* AddItemView.swift */ = {isa = PBXFileReference; lastKnownFileType = sourcecode.swift; path = AddItemView.swift; sourceTree = "<group>"; };
		35FF63F428080A8A00508EAF /* AddItemTableViewCell.swift */ = {isa = PBXFileReference; lastKnownFileType = sourcecode.swift; path = AddItemTableViewCell.swift; sourceTree = "<group>"; };
		35FF63F528080A8A00508EAF /* AddItemTableViewCell.xib */ = {isa = PBXFileReference; lastKnownFileType = file.xib; path = AddItemTableViewCell.xib; sourceTree = "<group>"; };
		35FF63F82809672100508EAF /* ItemTableViewCell.swift */ = {isa = PBXFileReference; lastKnownFileType = sourcecode.swift; path = ItemTableViewCell.swift; sourceTree = "<group>"; };
		35FF63F92809672100508EAF /* ItemTableViewCell.xib */ = {isa = PBXFileReference; lastKnownFileType = file.xib; path = ItemTableViewCell.xib; sourceTree = "<group>"; };
		35FF63FC280A5B3200508EAF /* SettleUpViewController.swift */ = {isa = PBXFileReference; lastKnownFileType = sourcecode.swift; path = SettleUpViewController.swift; sourceTree = "<group>"; };
		35FF63FE280A619E00508EAF /* SettleUpTableViewCell.swift */ = {isa = PBXFileReference; lastKnownFileType = sourcecode.swift; path = SettleUpTableViewCell.swift; sourceTree = "<group>"; };
		35FF63FF280A619E00508EAF /* SettleUpTableViewCell.xib */ = {isa = PBXFileReference; lastKnownFileType = file.xib; path = SettleUpTableViewCell.xib; sourceTree = "<group>"; };
		35FF6404280C2B8500508EAF /* SpecificSettleIUpViewController.swift */ = {isa = PBXFileReference; lastKnownFileType = sourcecode.swift; path = SpecificSettleIUpViewController.swift; sourceTree = "<group>"; };
		35FF6406280C62C900508EAF /* SubscribeViewController.swift */ = {isa = PBXFileReference; lastKnownFileType = sourcecode.swift; path = SubscribeViewController.swift; sourceTree = "<group>"; };
		55154E560DABCC620B02955B /* Pods-Bill-Splitting.release.xcconfig */ = {isa = PBXFileReference; includeInIndex = 1; lastKnownFileType = text.xcconfig; name = "Pods-Bill-Splitting.release.xcconfig"; path = "Target Support Files/Pods-Bill-Splitting/Pods-Bill-Splitting.release.xcconfig"; sourceTree = "<group>"; };
		F86F6C5233B86EE54AEAD309 /* Pods_Bill_Splitting.framework */ = {isa = PBXFileReference; explicitFileType = wrapper.framework; includeInIndex = 0; path = Pods_Bill_Splitting.framework; sourceTree = BUILT_PRODUCTS_DIR; };
/* End PBXFileReference section */

/* Begin PBXFrameworksBuildPhase section */
		350A333D2800450000201E40 /* Frameworks */ = {
			isa = PBXFrameworksBuildPhase;
			buildActionMask = 2147483647;
			files = (
				FDC92872A92782C067FD7CAA /* Pods_Bill_Splitting.framework in Frameworks */,
			);
			runOnlyForDeploymentPostprocessing = 0;
		};
/* End PBXFrameworksBuildPhase section */

/* Begin PBXGroup section */
		0FF1AB64931DEEA61F5ACA60 /* Frameworks */ = {
			isa = PBXGroup;
			children = (
				F86F6C5233B86EE54AEAD309 /* Pods_Bill_Splitting.framework */,
			);
			name = Frameworks;
			sourceTree = "<group>";
		};
		247F1CC3EB2FEA18213B19E1 /* Pods */ = {
			isa = PBXGroup;
			children = (
				0619BB2CF09025753646E789 /* Pods-Bill-Splitting.debug.xcconfig */,
				55154E560DABCC620B02955B /* Pods-Bill-Splitting.release.xcconfig */,
			);
			path = Pods;
			sourceTree = "<group>";
		};
		350A33372800450000201E40 = {
			isa = PBXGroup;
			children = (
				350A33422800450000201E40 /* Bill-Splitting */,
				350A33412800450000201E40 /* Products */,
				247F1CC3EB2FEA18213B19E1 /* Pods */,
				0FF1AB64931DEEA61F5ACA60 /* Frameworks */,
			);
			sourceTree = "<group>";
		};
		350A33412800450000201E40 /* Products */ = {
			isa = PBXGroup;
			children = (
				350A33402800450000201E40 /* Bill-Splitting.app */,
			);
			name = Products;
			sourceTree = "<group>";
		};
		350A33422800450000201E40 /* Bill-Splitting */ = {
			isa = PBXGroup;
			children = (
				350A33432800450000201E40 /* AppDelegate.swift */,
				350A33452800450000201E40 /* SceneDelegate.swift */,
				350A33662803F45100201E40 /* Extension */,
				350A33712804636400201E40 /* Model */,
				350A33652803F42C00201E40 /* Controller */,
				350A336B2804193300201E40 /* View */,
				350A33492800450000201E40 /* Main.storyboard */,
				350A335D2803DF2500201E40 /* Groups.storyboard */,
				350A335F2803DF3C00201E40 /* AddGroups.storyboard */,
				350A33612803DF4300201E40 /* Profile.storyboard */,
				355090EC28100E150007C0CE /* Reminders.storyboard */,
				350A334C2800450100201E40 /* Assets.xcassets */,
				350A334E2800450100201E40 /* LaunchScreen.storyboard */,
				350A33512800450100201E40 /* Info.plist */,
				350A33672803F65800201E40 /* GoogleService-Info.plist */,
			);
			path = "Bill-Splitting";
			sourceTree = "<group>";
		};
		350A33652803F42C00201E40 /* Controller */ = {
			isa = PBXGroup;
			children = (
				350A335B2803DD0100201E40 /* TabBarViewController.swift */,
				350A33472800450000201E40 /* AddGroupsViewController.swift */,
				35FF63CC2805175E00508EAF /* InviteFriendViewController.swift */,
				35FF63CE28055B1500508EAF /* ProfileViewController.swift */,
				355090E0280EB9360007C0CE /* PaymentViewController.swift */,
				355090E2280EBC190007C0CE /* AddPaymentViewController.swift */,
				35FF63D428055F6500508EAF /* FriendListViewController.swift */,
				35FF63D62805626800508EAF /* FriendInvitationViewController.swift */,
				35FF63E42806749D00508EAF /* GroupsViewController.swift */,
				35FF63EC2806AAD000508EAF /* MultipleUsersGrouplViewController.swift */,
				35568A1128145DA000646B57 /* GroupDetailViewController.swift */,
				3593E12A2812C44200F3A31C /* ItemDetailViewController.swift */,
				35FF63F02807B22400508EAF /* AddItemViewController.swift */,
				355090E8280FAA690007C0CE /* AddMoreInfoViewController.swift */,
				35FF63FC280A5B3200508EAF /* SettleUpViewController.swift */,
				35FF6404280C2B8500508EAF /* SpecificSettleIUpViewController.swift */,
				35FF6406280C62C900508EAF /* SubscribeViewController.swift */,
				355090EE28100FA80007C0CE /* RemindersViewController.swift */,
				355090F0281039110007C0CE /* AddReminderViewController.swift */,
			);
			path = Controller;
			sourceTree = "<group>";
		};
		350A33662803F45100201E40 /* Extension */ = {
			isa = PBXGroup;
			children = (
				350A33632803EF5000201E40 /* Storyboard+Extension.swift */,
				35568A0F2813D0BA00646B57 /* Kingfisher.swift */,
			);
			path = Extension;
			sourceTree = "<group>";
		};
		350A336B2804193300201E40 /* View */ = {
			isa = PBXGroup;
			children = (
				350A33692804192C00201E40 /* BaseTexFieldView + PickerView.swift */,
				350A336D280445BF00201E40 /* AddGroupTableViewCell.swift */,
				350A336E280445BF00201E40 /* AddGroupTableViewCell.xib */,
				35FF63D028055BA000508EAF /* ProfileTableViewCell.swift */,
				35FF63D128055BA000508EAF /* ProfileTableViewCell.xib */,
				35FF63D82805629B00508EAF /* InvitationTableViewCell.swift */,
				35FF63D92805629B00508EAF /* InvitationTableViewCell.xib */,
				35FF63E028066F8800508EAF /* GroupsView.swift */,
				35FF63E82806A23000508EAF /* GroupsTableViewCell.swift */,
				35FF63E92806A23000508EAF /* GroupsTableViewCell.xib */,
				35FF63EE2806B24D00508EAF /* GroupDetailView.swift */,
				35FF63F82809672100508EAF /* ItemTableViewCell.swift */,
				35FF63F92809672100508EAF /* ItemTableViewCell.xib */,
				35FF63F22807B2DB00508EAF /* AddItemView.swift */,
				35FF63F428080A8A00508EAF /* AddItemTableViewCell.swift */,
				35FF63F528080A8A00508EAF /* AddItemTableViewCell.xib */,
				35FF63FE280A619E00508EAF /* SettleUpTableViewCell.swift */,
				35FF63FF280A619E00508EAF /* SettleUpTableViewCell.xib */,
				355090E4280EDE020007C0CE /* PaymentTableViewCell.swift */,
				355090E5280EDE020007C0CE /* PaymentTableViewCell.xib */,
				3593E126281262AE00F3A31C /* ReminderTableViewCell.swift */,
				3593E127281262AE00F3A31C /* ReminderTableViewCell.xib */,
				3593E12C2812C69800F3A31C /* ItemDetailTableViewCell.swift */,
				3593E12D2812C69800F3A31C /* ItemDetailTableViewCell.xib */,
				3593E1302812E34100F3A31C /* ItemMemberTableViewCell.swift */,
				3593E1312812E34100F3A31C /* ItemMemberTableViewCell.xib */,
				35568A132814638300646B57 /* GroupDetailTableViewCell.swift */,
				35568A142814638300646B57 /* GroupDetailTableViewCell.xib */,
			);
			path = View;
			sourceTree = "<group>";
		};
		350A33712804636400201E40 /* Model */ = {
			isa = PBXGroup;
			children = (
				350A33722804638A00201E40 /* GroupManager.swift */,
				350A3374280464E500201E40 /* GroupObject.swift */,
				35FF63DC2806560F00508EAF /* ItemManager.swift */,
				35FF63DE2806563500508EAF /* ItemObject.swift */,
				350A3376280468D000201E40 /* UserManager.swift */,
				350A3378280469BB00201E40 /* UserObject.swift */,
				350A337A2805060B00201E40 /* FriendManager.swift */,
				355090DA280DA0E10007C0CE /* SubscriptionObject.swift */,
				355090DC280DA19F0007C0CE /* SubscriptionManager.swift */,
				355090EA280FBBB10007C0CE /* ImageManager.swift */,
				3593E1222811884900F3A31C /* ReminderManager.swift */,
				3593E124281188D100F3A31C /* ReminderObject.swift */,
				355090DE280DA5900007C0CE /* FireBaseCollection.swift */,
			);
			path = Model;
			sourceTree = "<group>";
		};
/* End PBXGroup section */

/* Begin PBXNativeTarget section */
		350A333F2800450000201E40 /* Bill-Splitting */ = {
			isa = PBXNativeTarget;
			buildConfigurationList = 350A33542800450100201E40 /* Build configuration list for PBXNativeTarget "Bill-Splitting" */;
			buildPhases = (
				FC61F7906505F907B0C475D7 /* [CP] Check Pods Manifest.lock */,
				350A333C2800450000201E40 /* Sources */,
				350A333D2800450000201E40 /* Frameworks */,
				350A333E2800450000201E40 /* Resources */,
				66BEBF9FF832E64018139F2F /* [CP] Embed Pods Frameworks */,
				350A336C280433D900201E40 /* SwitLint */,
			);
			buildRules = (
			);
			dependencies = (
			);
			name = "Bill-Splitting";
			productName = "Bill-Splitting";
			productReference = 350A33402800450000201E40 /* Bill-Splitting.app */;
			productType = "com.apple.product-type.application";
		};
/* End PBXNativeTarget section */

/* Begin PBXProject section */
		350A33382800450000201E40 /* Project object */ = {
			isa = PBXProject;
			attributes = {
				BuildIndependentTargetsInParallel = 1;
				LastSwiftUpdateCheck = 1310;
				LastUpgradeCheck = 1310;
				TargetAttributes = {
					350A333F2800450000201E40 = {
						CreatedOnToolsVersion = 13.1;
					};
				};
			};
			buildConfigurationList = 350A333B2800450000201E40 /* Build configuration list for PBXProject "Bill-Splitting" */;
			compatibilityVersion = "Xcode 13.0";
			developmentRegion = en;
			hasScannedForEncodings = 0;
			knownRegions = (
				en,
				Base,
			);
			mainGroup = 350A33372800450000201E40;
			productRefGroup = 350A33412800450000201E40 /* Products */;
			projectDirPath = "";
			projectRoot = "";
			targets = (
				350A333F2800450000201E40 /* Bill-Splitting */,
			);
		};
/* End PBXProject section */

/* Begin PBXResourcesBuildPhase section */
		350A333E2800450000201E40 /* Resources */ = {
			isa = PBXResourcesBuildPhase;
			buildActionMask = 2147483647;
			files = (
				35FF63F728080A8A00508EAF /* AddItemTableViewCell.xib in Resources */,
				350A33622803DF4300201E40 /* Profile.storyboard in Resources */,
				3593E129281262AE00F3A31C /* ReminderTableViewCell.xib in Resources */,
				350A33602803DF3C00201E40 /* AddGroups.storyboard in Resources */,
				35FF63FB2809672100508EAF /* ItemTableViewCell.xib in Resources */,
				355090ED28100E150007C0CE /* Reminders.storyboard in Resources */,
				350A335E2803DF2500201E40 /* Groups.storyboard in Resources */,
				3593E1332812E34100F3A31C /* ItemMemberTableViewCell.xib in Resources */,
				35568A162814638300646B57 /* GroupDetailTableViewCell.xib in Resources */,
				35FF6401280A619E00508EAF /* SettleUpTableViewCell.xib in Resources */,
				350A3370280445BF00201E40 /* AddGroupTableViewCell.xib in Resources */,
				350A33502800450100201E40 /* LaunchScreen.storyboard in Resources */,
				35FF63D328055BA000508EAF /* ProfileTableViewCell.xib in Resources */,
				355090E7280EDE020007C0CE /* PaymentTableViewCell.xib in Resources */,
				35FF63EB2806A23000508EAF /* GroupsTableViewCell.xib in Resources */,
				3593E12F2812C69800F3A31C /* ItemDetailTableViewCell.xib in Resources */,
				350A334D2800450100201E40 /* Assets.xcassets in Resources */,
				350A334B2800450000201E40 /* Main.storyboard in Resources */,
				35FF63DB2805629B00508EAF /* InvitationTableViewCell.xib in Resources */,
				350A33682803F65800201E40 /* GoogleService-Info.plist in Resources */,
			);
			runOnlyForDeploymentPostprocessing = 0;
		};
/* End PBXResourcesBuildPhase section */

/* Begin PBXShellScriptBuildPhase section */
		350A336C280433D900201E40 /* SwitLint */ = {
			isa = PBXShellScriptBuildPhase;
			buildActionMask = 2147483647;
			files = (
			);
			inputFileListPaths = (
			);
			inputPaths = (
			);
			name = SwitLint;
			outputFileListPaths = (
			);
			outputPaths = (
			);
			runOnlyForDeploymentPostprocessing = 0;
			shellPath = /bin/sh;
			shellScript = "\"${PODS_ROOT}/SwiftLint/swiftlint\"\n";
		};
		66BEBF9FF832E64018139F2F /* [CP] Embed Pods Frameworks */ = {
			isa = PBXShellScriptBuildPhase;
			buildActionMask = 2147483647;
			files = (
			);
			inputFileListPaths = (
				"${PODS_ROOT}/Target Support Files/Pods-Bill-Splitting/Pods-Bill-Splitting-frameworks-${CONFIGURATION}-input-files.xcfilelist",
			);
			name = "[CP] Embed Pods Frameworks";
			outputFileListPaths = (
				"${PODS_ROOT}/Target Support Files/Pods-Bill-Splitting/Pods-Bill-Splitting-frameworks-${CONFIGURATION}-output-files.xcfilelist",
			);
			runOnlyForDeploymentPostprocessing = 0;
			shellPath = /bin/sh;
			shellScript = "\"${PODS_ROOT}/Target Support Files/Pods-Bill-Splitting/Pods-Bill-Splitting-frameworks.sh\"\n";
			showEnvVarsInLog = 0;
		};
		FC61F7906505F907B0C475D7 /* [CP] Check Pods Manifest.lock */ = {
			isa = PBXShellScriptBuildPhase;
			buildActionMask = 2147483647;
			files = (
			);
			inputFileListPaths = (
			);
			inputPaths = (
				"${PODS_PODFILE_DIR_PATH}/Podfile.lock",
				"${PODS_ROOT}/Manifest.lock",
			);
			name = "[CP] Check Pods Manifest.lock";
			outputFileListPaths = (
			);
			outputPaths = (
				"$(DERIVED_FILE_DIR)/Pods-Bill-Splitting-checkManifestLockResult.txt",
			);
			runOnlyForDeploymentPostprocessing = 0;
			shellPath = /bin/sh;
			shellScript = "diff \"${PODS_PODFILE_DIR_PATH}/Podfile.lock\" \"${PODS_ROOT}/Manifest.lock\" > /dev/null\nif [ $? != 0 ] ; then\n    # print error to STDERR\n    echo \"error: The sandbox is not in sync with the Podfile.lock. Run 'pod install' or update your CocoaPods installation.\" >&2\n    exit 1\nfi\n# This output is used by Xcode 'outputs' to avoid re-running this script phase.\necho \"SUCCESS\" > \"${SCRIPT_OUTPUT_FILE_0}\"\n";
			showEnvVarsInLog = 0;
		};
/* End PBXShellScriptBuildPhase section */

/* Begin PBXSourcesBuildPhase section */
		350A333C2800450000201E40 /* Sources */ = {
			isa = PBXSourcesBuildPhase;
			buildActionMask = 2147483647;
			files = (
				350A336F280445BF00201E40 /* AddGroupTableViewCell.swift in Sources */,
				350A337B2805060B00201E40 /* FriendManager.swift in Sources */,
				350A3379280469BB00201E40 /* UserObject.swift in Sources */,
				35FF63DD2806560F00508EAF /* ItemManager.swift in Sources */,
				35FF6405280C2B8500508EAF /* SpecificSettleIUpViewController.swift in Sources */,
				35FF63D228055BA000508EAF /* ProfileTableViewCell.swift in Sources */,
				35FF63F12807B22400508EAF /* AddItemViewController.swift in Sources */,
				350A3375280464E500201E40 /* GroupObject.swift in Sources */,
				355090EF28100FA80007C0CE /* RemindersViewController.swift in Sources */,
				3593E1232811884900F3A31C /* ReminderManager.swift in Sources */,
				35FF63CF28055B1500508EAF /* ProfileViewController.swift in Sources */,
				355090EB280FBBB10007C0CE /* ImageManager.swift in Sources */,
				355090DB280DA0E10007C0CE /* SubscriptionObject.swift in Sources */,
				3593E12E2812C69800F3A31C /* ItemDetailTableViewCell.swift in Sources */,
				3593E12B2812C44200F3A31C /* ItemDetailViewController.swift in Sources */,
				35568A102813D0BA00646B57 /* Kingfisher.swift in Sources */,
				35FF63EF2806B24D00508EAF /* GroupDetailView.swift in Sources */,
				350A335C2803DD0100201E40 /* TabBarViewController.swift in Sources */,
				3593E1322812E34100F3A31C /* ItemMemberTableViewCell.swift in Sources */,
				3593E128281262AE00F3A31C /* ReminderTableViewCell.swift in Sources */,
				35FF63F32807B2DB00508EAF /* AddItemView.swift in Sources */,
				35FF63ED2806AAD000508EAF /* MultipleUsersGrouplViewController.swift in Sources */,
				35FF63FD280A5B3300508EAF /* SettleUpViewController.swift in Sources */,
				350A33482800450000201E40 /* AddGroupsViewController.swift in Sources */,
				350A33442800450000201E40 /* AppDelegate.swift in Sources */,
				350A33642803EF5000201E40 /* Storyboard+Extension.swift in Sources */,
				350A33732804638A00201E40 /* GroupManager.swift in Sources */,
				35FF6407280C62C900508EAF /* SubscribeViewController.swift in Sources */,
				355090E1280EB9360007C0CE /* PaymentViewController.swift in Sources */,
				35FF63F628080A8A00508EAF /* AddItemTableViewCell.swift in Sources */,
				350A33462800450000201E40 /* SceneDelegate.swift in Sources */,
				35FF63D528055F6500508EAF /* FriendListViewController.swift in Sources */,
				35FF6400280A619E00508EAF /* SettleUpTableViewCell.swift in Sources */,
				355090E3280EBC190007C0CE /* AddPaymentViewController.swift in Sources */,
				35FF63EA2806A23000508EAF /* GroupsTableViewCell.swift in Sources */,
				35FF63D72805626800508EAF /* FriendInvitationViewController.swift in Sources */,
				35568A152814638300646B57 /* GroupDetailTableViewCell.swift in Sources */,
				35568A1228145DA000646B57 /* GroupDetailViewController.swift in Sources */,
				350A3377280468D000201E40 /* UserManager.swift in Sources */,
				355090E6280EDE020007C0CE /* PaymentTableViewCell.swift in Sources */,
				35FF63E52806749D00508EAF /* GroupsViewController.swift in Sources */,
				35FF63DF2806563500508EAF /* ItemObject.swift in Sources */,
				35FF63CD2805175E00508EAF /* InviteFriendViewController.swift in Sources */,
				355090F1281039110007C0CE /* AddReminderViewController.swift in Sources */,
				3593E125281188D100F3A31C /* ReminderObject.swift in Sources */,
				355090E9280FAA690007C0CE /* AddMoreInfoViewController.swift in Sources */,
				35FF63DA2805629B00508EAF /* InvitationTableViewCell.swift in Sources */,
				355090DD280DA19F0007C0CE /* SubscriptionManager.swift in Sources */,
				350A336A2804192C00201E40 /* BaseTexFieldView + PickerView.swift in Sources */,
				35FF63E128066F8800508EAF /* GroupsView.swift in Sources */,
				355090DF280DA5900007C0CE /* FireBaseCollection.swift in Sources */,
				35FF63FA2809672100508EAF /* ItemTableViewCell.swift in Sources */,
			);
			runOnlyForDeploymentPostprocessing = 0;
		};
/* End PBXSourcesBuildPhase section */

/* Begin PBXVariantGroup section */
		350A33492800450000201E40 /* Main.storyboard */ = {
			isa = PBXVariantGroup;
			children = (
				350A334A2800450000201E40 /* Base */,
			);
			name = Main.storyboard;
			sourceTree = "<group>";
		};
		350A334E2800450100201E40 /* LaunchScreen.storyboard */ = {
			isa = PBXVariantGroup;
			children = (
				350A334F2800450100201E40 /* Base */,
			);
			name = LaunchScreen.storyboard;
			sourceTree = "<group>";
		};
/* End PBXVariantGroup section */

/* Begin XCBuildConfiguration section */
		350A33522800450100201E40 /* Debug */ = {
			isa = XCBuildConfiguration;
			buildSettings = {
				ALWAYS_SEARCH_USER_PATHS = NO;
				CLANG_ANALYZER_NONNULL = YES;
				CLANG_ANALYZER_NUMBER_OBJECT_CONVERSION = YES_AGGRESSIVE;
				CLANG_CXX_LANGUAGE_STANDARD = "gnu++17";
				CLANG_CXX_LIBRARY = "libc++";
				CLANG_ENABLE_MODULES = YES;
				CLANG_ENABLE_OBJC_ARC = YES;
				CLANG_ENABLE_OBJC_WEAK = YES;
				CLANG_WARN_BLOCK_CAPTURE_AUTORELEASING = YES;
				CLANG_WARN_BOOL_CONVERSION = YES;
				CLANG_WARN_COMMA = YES;
				CLANG_WARN_CONSTANT_CONVERSION = YES;
				CLANG_WARN_DEPRECATED_OBJC_IMPLEMENTATIONS = YES;
				CLANG_WARN_DIRECT_OBJC_ISA_USAGE = YES_ERROR;
				CLANG_WARN_DOCUMENTATION_COMMENTS = YES;
				CLANG_WARN_EMPTY_BODY = YES;
				CLANG_WARN_ENUM_CONVERSION = YES;
				CLANG_WARN_INFINITE_RECURSION = YES;
				CLANG_WARN_INT_CONVERSION = YES;
				CLANG_WARN_NON_LITERAL_NULL_CONVERSION = YES;
				CLANG_WARN_OBJC_IMPLICIT_RETAIN_SELF = YES;
				CLANG_WARN_OBJC_LITERAL_CONVERSION = YES;
				CLANG_WARN_OBJC_ROOT_CLASS = YES_ERROR;
				CLANG_WARN_QUOTED_INCLUDE_IN_FRAMEWORK_HEADER = YES;
				CLANG_WARN_RANGE_LOOP_ANALYSIS = YES;
				CLANG_WARN_STRICT_PROTOTYPES = YES;
				CLANG_WARN_SUSPICIOUS_MOVE = YES;
				CLANG_WARN_UNGUARDED_AVAILABILITY = YES_AGGRESSIVE;
				CLANG_WARN_UNREACHABLE_CODE = YES;
				CLANG_WARN__DUPLICATE_METHOD_MATCH = YES;
				COPY_PHASE_STRIP = NO;
				DEBUG_INFORMATION_FORMAT = dwarf;
				ENABLE_STRICT_OBJC_MSGSEND = YES;
				ENABLE_TESTABILITY = YES;
				"EXCLUDED_ARCHS[sdk=iphonesimulator*]" = arm64;
				GCC_C_LANGUAGE_STANDARD = gnu11;
				GCC_DYNAMIC_NO_PIC = NO;
				GCC_NO_COMMON_BLOCKS = YES;
				GCC_OPTIMIZATION_LEVEL = 0;
				GCC_PREPROCESSOR_DEFINITIONS = (
					"DEBUG=1",
					"$(inherited)",
				);
				GCC_WARN_64_TO_32_BIT_CONVERSION = YES;
				GCC_WARN_ABOUT_RETURN_TYPE = YES_ERROR;
				GCC_WARN_UNDECLARED_SELECTOR = YES;
				GCC_WARN_UNINITIALIZED_AUTOS = YES_AGGRESSIVE;
				GCC_WARN_UNUSED_FUNCTION = YES;
				GCC_WARN_UNUSED_VARIABLE = YES;
				IPHONEOS_DEPLOYMENT_TARGET = 13.0;
				MTL_ENABLE_DEBUG_INFO = INCLUDE_SOURCE;
				MTL_FAST_MATH = YES;
				ONLY_ACTIVE_ARCH = YES;
				SDKROOT = iphoneos;
				SWIFT_ACTIVE_COMPILATION_CONDITIONS = DEBUG;
				SWIFT_OPTIMIZATION_LEVEL = "-Onone";
			};
			name = Debug;
		};
		350A33532800450100201E40 /* Release */ = {
			isa = XCBuildConfiguration;
			buildSettings = {
				ALWAYS_SEARCH_USER_PATHS = NO;
				CLANG_ANALYZER_NONNULL = YES;
				CLANG_ANALYZER_NUMBER_OBJECT_CONVERSION = YES_AGGRESSIVE;
				CLANG_CXX_LANGUAGE_STANDARD = "gnu++17";
				CLANG_CXX_LIBRARY = "libc++";
				CLANG_ENABLE_MODULES = YES;
				CLANG_ENABLE_OBJC_ARC = YES;
				CLANG_ENABLE_OBJC_WEAK = YES;
				CLANG_WARN_BLOCK_CAPTURE_AUTORELEASING = YES;
				CLANG_WARN_BOOL_CONVERSION = YES;
				CLANG_WARN_COMMA = YES;
				CLANG_WARN_CONSTANT_CONVERSION = YES;
				CLANG_WARN_DEPRECATED_OBJC_IMPLEMENTATIONS = YES;
				CLANG_WARN_DIRECT_OBJC_ISA_USAGE = YES_ERROR;
				CLANG_WARN_DOCUMENTATION_COMMENTS = YES;
				CLANG_WARN_EMPTY_BODY = YES;
				CLANG_WARN_ENUM_CONVERSION = YES;
				CLANG_WARN_INFINITE_RECURSION = YES;
				CLANG_WARN_INT_CONVERSION = YES;
				CLANG_WARN_NON_LITERAL_NULL_CONVERSION = YES;
				CLANG_WARN_OBJC_IMPLICIT_RETAIN_SELF = YES;
				CLANG_WARN_OBJC_LITERAL_CONVERSION = YES;
				CLANG_WARN_OBJC_ROOT_CLASS = YES_ERROR;
				CLANG_WARN_QUOTED_INCLUDE_IN_FRAMEWORK_HEADER = YES;
				CLANG_WARN_RANGE_LOOP_ANALYSIS = YES;
				CLANG_WARN_STRICT_PROTOTYPES = YES;
				CLANG_WARN_SUSPICIOUS_MOVE = YES;
				CLANG_WARN_UNGUARDED_AVAILABILITY = YES_AGGRESSIVE;
				CLANG_WARN_UNREACHABLE_CODE = YES;
				CLANG_WARN__DUPLICATE_METHOD_MATCH = YES;
				COPY_PHASE_STRIP = NO;
				DEBUG_INFORMATION_FORMAT = "dwarf-with-dsym";
				ENABLE_NS_ASSERTIONS = NO;
				ENABLE_STRICT_OBJC_MSGSEND = YES;
				GCC_C_LANGUAGE_STANDARD = gnu11;
				GCC_NO_COMMON_BLOCKS = YES;
				GCC_WARN_64_TO_32_BIT_CONVERSION = YES;
				GCC_WARN_ABOUT_RETURN_TYPE = YES_ERROR;
				GCC_WARN_UNDECLARED_SELECTOR = YES;
				GCC_WARN_UNINITIALIZED_AUTOS = YES_AGGRESSIVE;
				GCC_WARN_UNUSED_FUNCTION = YES;
				GCC_WARN_UNUSED_VARIABLE = YES;
				IPHONEOS_DEPLOYMENT_TARGET = 13.0;
				MTL_ENABLE_DEBUG_INFO = NO;
				MTL_FAST_MATH = YES;
				SDKROOT = iphoneos;
				SWIFT_COMPILATION_MODE = wholemodule;
				SWIFT_OPTIMIZATION_LEVEL = "-O";
				VALIDATE_PRODUCT = YES;
			};
			name = Release;
		};
		350A33552800450100201E40 /* Debug */ = {
			isa = XCBuildConfiguration;
			baseConfigurationReference = 0619BB2CF09025753646E789 /* Pods-Bill-Splitting.debug.xcconfig */;
			buildSettings = {
				ASSETCATALOG_COMPILER_APPICON_NAME = AppIcon;
				ASSETCATALOG_COMPILER_GLOBAL_ACCENT_COLOR_NAME = AccentColor;
				CODE_SIGN_STYLE = Automatic;
				CURRENT_PROJECT_VERSION = 1;
				DEVELOPMENT_TEAM = 96D753D9GJ;
				GENERATE_INFOPLIST_FILE = YES;
				INFOPLIST_FILE = "Bill-Splitting/Info.plist";
				INFOPLIST_KEY_UIApplicationSupportsIndirectInputEvents = YES;
				INFOPLIST_KEY_UILaunchStoryboardName = LaunchScreen;
				INFOPLIST_KEY_UIMainStoryboardFile = Main;
				INFOPLIST_KEY_UISupportedInterfaceOrientations_iPad = "UIInterfaceOrientationPortrait UIInterfaceOrientationPortraitUpsideDown UIInterfaceOrientationLandscapeLeft UIInterfaceOrientationLandscapeRight";
				INFOPLIST_KEY_UISupportedInterfaceOrientations_iPhone = "UIInterfaceOrientationPortrait UIInterfaceOrientationLandscapeLeft UIInterfaceOrientationLandscapeRight";
				LD_RUNPATH_SEARCH_PATHS = (
					"$(inherited)",
					"@executable_path/Frameworks",
				);
				MARKETING_VERSION = 1.0;
				PRODUCT_BUNDLE_IDENTIFIER = "com.lei.Bill-Splitting";
				PRODUCT_NAME = "$(TARGET_NAME)";
				SWIFT_EMIT_LOC_STRINGS = YES;
				SWIFT_VERSION = 5.0;
				TARGETED_DEVICE_FAMILY = "1,2";
			};
			name = Debug;
		};
		350A33562800450100201E40 /* Release */ = {
			isa = XCBuildConfiguration;
			baseConfigurationReference = 55154E560DABCC620B02955B /* Pods-Bill-Splitting.release.xcconfig */;
			buildSettings = {
				ASSETCATALOG_COMPILER_APPICON_NAME = AppIcon;
				ASSETCATALOG_COMPILER_GLOBAL_ACCENT_COLOR_NAME = AccentColor;
				CODE_SIGN_STYLE = Automatic;
				CURRENT_PROJECT_VERSION = 1;
				DEVELOPMENT_TEAM = 96D753D9GJ;
				GENERATE_INFOPLIST_FILE = YES;
				INFOPLIST_FILE = "Bill-Splitting/Info.plist";
				INFOPLIST_KEY_UIApplicationSupportsIndirectInputEvents = YES;
				INFOPLIST_KEY_UILaunchStoryboardName = LaunchScreen;
				INFOPLIST_KEY_UIMainStoryboardFile = Main;
				INFOPLIST_KEY_UISupportedInterfaceOrientations_iPad = "UIInterfaceOrientationPortrait UIInterfaceOrientationPortraitUpsideDown UIInterfaceOrientationLandscapeLeft UIInterfaceOrientationLandscapeRight";
				INFOPLIST_KEY_UISupportedInterfaceOrientations_iPhone = "UIInterfaceOrientationPortrait UIInterfaceOrientationLandscapeLeft UIInterfaceOrientationLandscapeRight";
				LD_RUNPATH_SEARCH_PATHS = (
					"$(inherited)",
					"@executable_path/Frameworks",
				);
				MARKETING_VERSION = 1.0;
				PRODUCT_BUNDLE_IDENTIFIER = "com.lei.Bill-Splitting";
				PRODUCT_NAME = "$(TARGET_NAME)";
				SWIFT_EMIT_LOC_STRINGS = YES;
				SWIFT_VERSION = 5.0;
				TARGETED_DEVICE_FAMILY = "1,2";
			};
			name = Release;
		};
/* End XCBuildConfiguration section */

/* Begin XCConfigurationList section */
		350A333B2800450000201E40 /* Build configuration list for PBXProject "Bill-Splitting" */ = {
			isa = XCConfigurationList;
			buildConfigurations = (
				350A33522800450100201E40 /* Debug */,
				350A33532800450100201E40 /* Release */,
			);
			defaultConfigurationIsVisible = 0;
			defaultConfigurationName = Release;
		};
		350A33542800450100201E40 /* Build configuration list for PBXNativeTarget "Bill-Splitting" */ = {
			isa = XCConfigurationList;
			buildConfigurations = (
				350A33552800450100201E40 /* Debug */,
				350A33562800450100201E40 /* Release */,
			);
			defaultConfigurationIsVisible = 0;
			defaultConfigurationName = Release;
		};
/* End XCConfigurationList section */
	};
	rootObject = 350A33382800450000201E40 /* Project object */;
}
